// !$*UTF8*$!
{
	archiveVersion = 1;
	classes = {
	};
	objectVersion = 56;
	objects = {

/* Begin PBXBuildFile section */
		9676CA0229A16F14009397B1 /* main.cpp in Sources */ = {isa = PBXBuildFile; fileRef = 9676CA0129A16F14009397B1 /* main.cpp */; };
		96EF81B029A1733A001CC416 /* finite.cpp in Sources */ = {isa = PBXBuildFile; fileRef = 96EF81AE29A1733A001CC416 /* finite.cpp */; };
		96EF81B929A173A6001CC416 /* test.cpp in Sources */ = {isa = PBXBuildFile; fileRef = 96EF81B829A173A6001CC416 /* test.cpp */; };
		96EF81BD29A17403001CC416 /* finite.cpp in Sources */ = {isa = PBXBuildFile; fileRef = 96EF81AE29A1733A001CC416 /* finite.cpp */; };
		96EF81C029A1747E001CC416 /* literal.cpp in Sources */ = {isa = PBXBuildFile; fileRef = 96EF81BE29A1747E001CC416 /* literal.cpp */; };
		96EF81C129A1747E001CC416 /* literal.cpp in Sources */ = {isa = PBXBuildFile; fileRef = 96EF81BE29A1747E001CC416 /* literal.cpp */; };
		96EF81C429A174C8001CC416 /* regex.cpp in Sources */ = {isa = PBXBuildFile; fileRef = 96EF81C229A174C8001CC416 /* regex.cpp */; };
		96EF81C529A174C8001CC416 /* regex.cpp in Sources */ = {isa = PBXBuildFile; fileRef = 96EF81C229A174C8001CC416 /* regex.cpp */; };
		96EF81CA29A17C54001CC416 /* node.cpp in Sources */ = {isa = PBXBuildFile; fileRef = 96EF81C829A17C54001CC416 /* node.cpp */; };
		96EF81CD29A17C72001CC416 /* lexer.cpp in Sources */ = {isa = PBXBuildFile; fileRef = 96EF81CB29A17C72001CC416 /* lexer.cpp */; };
		96EF81CE29A17D50001CC416 /* node.cpp in Sources */ = {isa = PBXBuildFile; fileRef = 96EF81C829A17C54001CC416 /* node.cpp */; };
		96EF81CF29A17D50001CC416 /* lexer.cpp in Sources */ = {isa = PBXBuildFile; fileRef = 96EF81CB29A17C72001CC416 /* lexer.cpp */; };
/* End PBXBuildFile section */

/* Begin PBXCopyFilesBuildPhase section */
		9676C9FC29A16F14009397B1 /* CopyFiles */ = {
			isa = PBXCopyFilesBuildPhase;
			buildActionMask = 2147483647;
			dstPath = /usr/share/man/man1/;
			dstSubfolderSpec = 0;
			files = (
			);
			runOnlyForDeploymentPostprocessing = 1;
		};
		96EF81B429A173A6001CC416 /* CopyFiles */ = {
			isa = PBXCopyFilesBuildPhase;
			buildActionMask = 2147483647;
			dstPath = /usr/share/man/man1/;
			dstSubfolderSpec = 0;
			files = (
			);
			runOnlyForDeploymentPostprocessing = 1;
		};
/* End PBXCopyFilesBuildPhase section */

/* Begin PBXFileReference section */
		9676C9FE29A16F14009397B1 /* parser */ = {isa = PBXFileReference; explicitFileType = "compiled.mach-o.executable"; includeInIndex = 0; path = parser; sourceTree = BUILT_PRODUCTS_DIR; };
		9676CA0129A16F14009397B1 /* main.cpp */ = {isa = PBXFileReference; lastKnownFileType = sourcecode.cpp.cpp; path = main.cpp; sourceTree = "<group>"; };
		96EF81AE29A1733A001CC416 /* finite.cpp */ = {isa = PBXFileReference; lastKnownFileType = sourcecode.cpp.cpp; path = finite.cpp; sourceTree = "<group>"; };
		96EF81AF29A1733A001CC416 /* finite.hpp */ = {isa = PBXFileReference; lastKnownFileType = sourcecode.cpp.h; path = finite.hpp; sourceTree = "<group>"; };
		96EF81B629A173A6001CC416 /* test */ = {isa = PBXFileReference; explicitFileType = "compiled.mach-o.executable"; includeInIndex = 0; path = test; sourceTree = BUILT_PRODUCTS_DIR; };
		96EF81B829A173A6001CC416 /* test.cpp */ = {isa = PBXFileReference; lastKnownFileType = sourcecode.cpp.cpp; path = test.cpp; sourceTree = "<group>"; };
		96EF81BE29A1747E001CC416 /* literal.cpp */ = {isa = PBXFileReference; lastKnownFileType = sourcecode.cpp.cpp; path = literal.cpp; sourceTree = "<group>"; };
		96EF81BF29A1747E001CC416 /* literal.hpp */ = {isa = PBXFileReference; lastKnownFileType = sourcecode.cpp.h; path = literal.hpp; sourceTree = "<group>"; };
		96EF81C229A174C8001CC416 /* regex.cpp */ = {isa = PBXFileReference; lastKnownFileType = sourcecode.cpp.cpp; path = regex.cpp; sourceTree = "<group>"; };
		96EF81C329A174C8001CC416 /* regex.hpp */ = {isa = PBXFileReference; lastKnownFileType = sourcecode.cpp.h; path = regex.hpp; sourceTree = "<group>"; };
		96EF81C629A17601001CC416 /* license.md */ = {isa = PBXFileReference; lastKnownFileType = net.daringfireball.markdown; path = license.md; sourceTree = "<group>"; };
		96EF81C729A17623001CC416 /* readme.md */ = {isa = PBXFileReference; lastKnownFileType = net.daringfireball.markdown; path = readme.md; sourceTree = "<group>"; };
		96EF81C829A17C54001CC416 /* node.cpp */ = {isa = PBXFileReference; lastKnownFileType = sourcecode.cpp.cpp; path = node.cpp; sourceTree = "<group>"; };
		96EF81C929A17C54001CC416 /* node.hpp */ = {isa = PBXFileReference; lastKnownFileType = sourcecode.cpp.h; path = node.hpp; sourceTree = "<group>"; };
		96EF81CB29A17C72001CC416 /* lexer.cpp */ = {isa = PBXFileReference; lastKnownFileType = sourcecode.cpp.cpp; path = lexer.cpp; sourceTree = "<group>"; };
		96EF81CC29A17C72001CC416 /* lexer.hpp */ = {isa = PBXFileReference; lastKnownFileType = sourcecode.cpp.h; path = lexer.hpp; sourceTree = "<group>"; };
/* End PBXFileReference section */

/* Begin PBXFrameworksBuildPhase section */
		9676C9FB29A16F14009397B1 /* Frameworks */ = {
			isa = PBXFrameworksBuildPhase;
			buildActionMask = 2147483647;
			files = (
			);
			runOnlyForDeploymentPostprocessing = 0;
		};
		96EF81B329A173A6001CC416 /* Frameworks */ = {
			isa = PBXFrameworksBuildPhase;
			buildActionMask = 2147483647;
			files = (
			);
			runOnlyForDeploymentPostprocessing = 0;
		};
/* End PBXFrameworksBuildPhase section */

/* Begin PBXGroup section */
		9676C9F529A16F14009397B1 = {
			isa = PBXGroup;
			children = (
				96EF81C629A17601001CC416 /* license.md */,
				96EF81C729A17623001CC416 /* readme.md */,
				9676CA0029A16F14009397B1 /* lexer */,
				96EF81B729A173A6001CC416 /* test */,
				9676C9FF29A16F14009397B1 /* Products */,
			);
			sourceTree = "<group>";
		};
		9676C9FF29A16F14009397B1 /* Products */ = {
			isa = PBXGroup;
			children = (
				9676C9FE29A16F14009397B1 /* parser */,
				96EF81B629A173A6001CC416 /* test */,
			);
			name = Products;
			sourceTree = "<group>";
		};
		9676CA0029A16F14009397B1 /* lexer */ = {
			isa = PBXGroup;
			children = (
				96EF81AF29A1733A001CC416 /* finite.hpp */,
				96EF81AE29A1733A001CC416 /* finite.cpp */,
				96EF81BF29A1747E001CC416 /* literal.hpp */,
				96EF81BE29A1747E001CC416 /* literal.cpp */,
				96EF81C329A174C8001CC416 /* regex.hpp */,
				96EF81C229A174C8001CC416 /* regex.cpp */,
				96EF81C929A17C54001CC416 /* node.hpp */,
				96EF81C829A17C54001CC416 /* node.cpp */,
				96EF81CC29A17C72001CC416 /* lexer.hpp */,
				96EF81CB29A17C72001CC416 /* lexer.cpp */,
				9676CA0129A16F14009397B1 /* main.cpp */,
			);
			path = lexer;
			sourceTree = "<group>";
		};
		96EF81B729A173A6001CC416 /* test */ = {
			isa = PBXGroup;
			children = (
				96EF81B829A173A6001CC416 /* test.cpp */,
			);
			path = test;
			sourceTree = "<group>";
		};
/* End PBXGroup section */

/* Begin PBXNativeTarget section */
		9676C9FD29A16F14009397B1 /* parser */ = {
			isa = PBXNativeTarget;
			buildConfigurationList = 9676CA0529A16F14009397B1 /* Build configuration list for PBXNativeTarget "parser" */;
			buildPhases = (
				9676C9FA29A16F14009397B1 /* Sources */,
				9676C9FB29A16F14009397B1 /* Frameworks */,
				9676C9FC29A16F14009397B1 /* CopyFiles */,
			);
			buildRules = (
			);
			dependencies = (
			);
			name = parser;
			productName = parser;
			productReference = 9676C9FE29A16F14009397B1 /* parser */;
			productType = "com.apple.product-type.tool";
		};
		96EF81B529A173A6001CC416 /* test */ = {
			isa = PBXNativeTarget;
			buildConfigurationList = 96EF81BA29A173A6001CC416 /* Build configuration list for PBXNativeTarget "test" */;
			buildPhases = (
				96EF81B229A173A6001CC416 /* Sources */,
				96EF81B329A173A6001CC416 /* Frameworks */,
				96EF81B429A173A6001CC416 /* CopyFiles */,
			);
			buildRules = (
			);
			dependencies = (
			);
			name = test;
			productName = test;
			productReference = 96EF81B629A173A6001CC416 /* test */;
			productType = "com.apple.product-type.tool";
		};
/* End PBXNativeTarget section */

/* Begin PBXProject section */
		9676C9F629A16F14009397B1 /* Project object */ = {
			isa = PBXProject;
			attributes = {
				BuildIndependentTargetsInParallel = 1;
				LastUpgradeCheck = 1420;
				TargetAttributes = {
					9676C9FD29A16F14009397B1 = {
						CreatedOnToolsVersion = 14.2;
					};
					96EF81B529A173A6001CC416 = {
						CreatedOnToolsVersion = 14.2;
					};
				};
			};
			buildConfigurationList = 9676C9F929A16F14009397B1 /* Build configuration list for PBXProject "parser" */;
			compatibilityVersion = "Xcode 14.0";
			developmentRegion = en;
			hasScannedForEncodings = 0;
			knownRegions = (
				en,
				Base,
			);
			mainGroup = 9676C9F529A16F14009397B1;
			productRefGroup = 9676C9FF29A16F14009397B1 /* Products */;
			projectDirPath = "";
			projectRoot = "";
			targets = (
				9676C9FD29A16F14009397B1 /* parser */,
				96EF81B529A173A6001CC416 /* test */,
			);
		};
/* End PBXProject section */

/* Begin PBXSourcesBuildPhase section */
		9676C9FA29A16F14009397B1 /* Sources */ = {
			isa = PBXSourcesBuildPhase;
			buildActionMask = 2147483647;
			files = (
				96EF81B029A1733A001CC416 /* finite.cpp in Sources */,
				96EF81C429A174C8001CC416 /* regex.cpp in Sources */,
				96EF81CD29A17C72001CC416 /* lexer.cpp in Sources */,
				96EF81C029A1747E001CC416 /* literal.cpp in Sources */,
				96EF81CA29A17C54001CC416 /* node.cpp in Sources */,
				9676CA0229A16F14009397B1 /* main.cpp in Sources */,
			);
			runOnlyForDeploymentPostprocessing = 0;
		};
		96EF81B229A173A6001CC416 /* Sources */ = {
			isa = PBXSourcesBuildPhase;
			buildActionMask = 2147483647;
			files = (
				96EF81CE29A17D50001CC416 /* node.cpp in Sources */,
				96EF81CF29A17D50001CC416 /* lexer.cpp in Sources */,
				96EF81BD29A17403001CC416 /* finite.cpp in Sources */,
				96EF81C529A174C8001CC416 /* regex.cpp in Sources */,
				96EF81C129A1747E001CC416 /* literal.cpp in Sources */,
				96EF81B929A173A6001CC416 /* test.cpp in Sources */,
			);
			runOnlyForDeploymentPostprocessing = 0;
		};
/* End PBXSourcesBuildPhase section */

/* Begin XCBuildConfiguration section */
		9676CA0329A16F14009397B1 /* Debug */ = {
			isa = XCBuildConfiguration;
			buildSettings = {
				ALWAYS_SEARCH_USER_PATHS = NO;
				CLANG_ANALYZER_NONNULL = YES;
				CLANG_ANALYZER_NUMBER_OBJECT_CONVERSION = YES_AGGRESSIVE;
				CLANG_CXX_LANGUAGE_STANDARD = "gnu++20";
				CLANG_ENABLE_MODULES = YES;
				CLANG_ENABLE_OBJC_ARC = YES;
				CLANG_ENABLE_OBJC_WEAK = YES;
				CLANG_WARN_BLOCK_CAPTURE_AUTORELEASING = YES;
				CLANG_WARN_BOOL_CONVERSION = YES;
				CLANG_WARN_COMMA = YES;
				CLANG_WARN_CONSTANT_CONVERSION = YES;
				CLANG_WARN_DEPRECATED_OBJC_IMPLEMENTATIONS = YES;
				CLANG_WARN_DIRECT_OBJC_ISA_USAGE = YES_ERROR;
				CLANG_WARN_DOCUMENTATION_COMMENTS = YES;
				CLANG_WARN_EMPTY_BODY = YES;
				CLANG_WARN_ENUM_CONVERSION = YES;
				CLANG_WARN_INFINITE_RECURSION = YES;
				CLANG_WARN_INT_CONVERSION = YES;
				CLANG_WARN_NON_LITERAL_NULL_CONVERSION = YES;
				CLANG_WARN_OBJC_IMPLICIT_RETAIN_SELF = YES;
				CLANG_WARN_OBJC_LITERAL_CONVERSION = YES;
				CLANG_WARN_OBJC_ROOT_CLASS = YES_ERROR;
				CLANG_WARN_QUOTED_INCLUDE_IN_FRAMEWORK_HEADER = YES;
				CLANG_WARN_RANGE_LOOP_ANALYSIS = YES;
				CLANG_WARN_STRICT_PROTOTYPES = YES;
				CLANG_WARN_SUSPICIOUS_MOVE = YES;
				CLANG_WARN_UNGUARDED_AVAILABILITY = YES_AGGRESSIVE;
				CLANG_WARN_UNREACHABLE_CODE = YES;
				CLANG_WARN__DUPLICATE_METHOD_MATCH = YES;
				COPY_PHASE_STRIP = NO;
				DEBUG_INFORMATION_FORMAT = dwarf;
				ENABLE_STRICT_OBJC_MSGSEND = YES;
				ENABLE_TESTABILITY = YES;
				GCC_C_LANGUAGE_STANDARD = gnu11;
				GCC_DYNAMIC_NO_PIC = NO;
				GCC_NO_COMMON_BLOCKS = YES;
				GCC_OPTIMIZATION_LEVEL = 0;
				GCC_PREPROCESSOR_DEFINITIONS = (
					"DEBUG=1",
					"$(inherited)",
				);
				GCC_WARN_64_TO_32_BIT_CONVERSION = YES;
				GCC_WARN_ABOUT_RETURN_TYPE = YES_ERROR;
				GCC_WARN_UNDECLARED_SELECTOR = YES;
				GCC_WARN_UNINITIALIZED_AUTOS = YES_AGGRESSIVE;
				GCC_WARN_UNUSED_FUNCTION = YES;
				GCC_WARN_UNUSED_VARIABLE = YES;
				MACOSX_DEPLOYMENT_TARGET = 13.1;
				MTL_ENABLE_DEBUG_INFO = INCLUDE_SOURCE;
				MTL_FAST_MATH = YES;
				ONLY_ACTIVE_ARCH = YES;
				SDKROOT = macosx;
			};
			name = Debug;
		};
		9676CA0429A16F14009397B1 /* Release */ = {
			isa = XCBuildConfiguration;
			buildSettings = {
				ALWAYS_SEARCH_USER_PATHS = NO;
				CLANG_ANALYZER_NONNULL = YES;
				CLANG_ANALYZER_NUMBER_OBJECT_CONVERSION = YES_AGGRESSIVE;
				CLANG_CXX_LANGUAGE_STANDARD = "gnu++20";
				CLANG_ENABLE_MODULES = YES;
				CLANG_ENABLE_OBJC_ARC = YES;
				CLANG_ENABLE_OBJC_WEAK = YES;
				CLANG_WARN_BLOCK_CAPTURE_AUTORELEASING = YES;
				CLANG_WARN_BOOL_CONVERSION = YES;
				CLANG_WARN_COMMA = YES;
				CLANG_WARN_CONSTANT_CONVERSION = YES;
				CLANG_WARN_DEPRECATED_OBJC_IMPLEMENTATIONS = YES;
				CLANG_WARN_DIRECT_OBJC_ISA_USAGE = YES_ERROR;
				CLANG_WARN_DOCUMENTATION_COMMENTS = YES;
				CLANG_WARN_EMPTY_BODY = YES;
				CLANG_WARN_ENUM_CONVERSION = YES;
				CLANG_WARN_INFINITE_RECURSION = YES;
				CLANG_WARN_INT_CONVERSION = YES;
				CLANG_WARN_NON_LITERAL_NULL_CONVERSION = YES;
				CLANG_WARN_OBJC_IMPLICIT_RETAIN_SELF = YES;
				CLANG_WARN_OBJC_LITERAL_CONVERSION = YES;
				CLANG_WARN_OBJC_ROOT_CLASS = YES_ERROR;
				CLANG_WARN_QUOTED_INCLUDE_IN_FRAMEWORK_HEADER = YES;
				CLANG_WARN_RANGE_LOOP_ANALYSIS = YES;
				CLANG_WARN_STRICT_PROTOTYPES = YES;
				CLANG_WARN_SUSPICIOUS_MOVE = YES;
				CLANG_WARN_UNGUARDED_AVAILABILITY = YES_AGGRESSIVE;
				CLANG_WARN_UNREACHABLE_CODE = YES;
				CLANG_WARN__DUPLICATE_METHOD_MATCH = YES;
				COPY_PHASE_STRIP = NO;
				DEBUG_INFORMATION_FORMAT = "dwarf-with-dsym";
				ENABLE_NS_ASSERTIONS = NO;
				ENABLE_STRICT_OBJC_MSGSEND = YES;
				GCC_C_LANGUAGE_STANDARD = gnu11;
				GCC_NO_COMMON_BLOCKS = YES;
				GCC_WARN_64_TO_32_BIT_CONVERSION = YES;
				GCC_WARN_ABOUT_RETURN_TYPE = YES_ERROR;
				GCC_WARN_UNDECLARED_SELECTOR = YES;
				GCC_WARN_UNINITIALIZED_AUTOS = YES_AGGRESSIVE;
				GCC_WARN_UNUSED_FUNCTION = YES;
				GCC_WARN_UNUSED_VARIABLE = YES;
				MACOSX_DEPLOYMENT_TARGET = 13.1;
				MTL_ENABLE_DEBUG_INFO = NO;
				MTL_FAST_MATH = YES;
				SDKROOT = macosx;
			};
			name = Release;
		};
		9676CA0629A16F14009397B1 /* Debug */ = {
			isa = XCBuildConfiguration;
			buildSettings = {
				CODE_SIGN_STYLE = Automatic;
				PRODUCT_NAME = "$(TARGET_NAME)";
			};
			name = Debug;
		};
		9676CA0729A16F14009397B1 /* Release */ = {
			isa = XCBuildConfiguration;
			buildSettings = {
				CODE_SIGN_STYLE = Automatic;
				PRODUCT_NAME = "$(TARGET_NAME)";
			};
			name = Release;
		};
		96EF81BB29A173A6001CC416 /* Debug */ = {
			isa = XCBuildConfiguration;
			buildSettings = {
				CODE_SIGN_STYLE = Automatic;
				PRODUCT_NAME = "$(TARGET_NAME)";
			};
			name = Debug;
		};
		96EF81BC29A173A6001CC416 /* Release */ = {
			isa = XCBuildConfiguration;
			buildSettings = {
				CODE_SIGN_STYLE = Automatic;
				PRODUCT_NAME = "$(TARGET_NAME)";
			};
			name = Release;
		};
/* End XCBuildConfiguration section */

/* Begin XCConfigurationList section */
		9676C9F929A16F14009397B1 /* Build configuration list for PBXProject "parser" */ = {
			isa = XCConfigurationList;
			buildConfigurations = (
				9676CA0329A16F14009397B1 /* Debug */,
				9676CA0429A16F14009397B1 /* Release */,
			);
			defaultConfigurationIsVisible = 0;
			defaultConfigurationName = Release;
		};
		9676CA0529A16F14009397B1 /* Build configuration list for PBXNativeTarget "parser" */ = {
			isa = XCConfigurationList;
			buildConfigurations = (
				9676CA0629A16F14009397B1 /* Debug */,
				9676CA0729A16F14009397B1 /* Release */,
			);
			defaultConfigurationIsVisible = 0;
			defaultConfigurationName = Release;
		};
		96EF81BA29A173A6001CC416 /* Build configuration list for PBXNativeTarget "test" */ = {
			isa = XCConfigurationList;
			buildConfigurations = (
				96EF81BB29A173A6001CC416 /* Debug */,
				96EF81BC29A173A6001CC416 /* Release */,
			);
			defaultConfigurationIsVisible = 0;
			defaultConfigurationName = Release;
		};
/* End XCConfigurationList section */
	};
	rootObject = 9676C9F629A16F14009397B1 /* Project object */;
}
