// !$*UTF8*$!
{
	archiveVersion = 1;
	classes = {
	};
	objectVersion = 55;
	objects = {

/* Begin PBXBuildFile section */
		96334901285EF2AA00445AC7 /* main.cpp in Sources */ = {isa = PBXBuildFile; fileRef = 96334900285EF2AA00445AC7 /* main.cpp */; };
		964FDCCD28601D73006E24C6 /* regex.cpp in Sources */ = {isa = PBXBuildFile; fileRef = 964FDCCB28601D73006E24C6 /* regex.cpp */; };
		965AEBA7285EF65000E45687 /* finite.cpp in Sources */ = {isa = PBXBuildFile; fileRef = 965AEBA5285EF65000E45687 /* finite.cpp */; };
		965AEBAA285EF8E100E45687 /* literal.cpp in Sources */ = {isa = PBXBuildFile; fileRef = 965AEBA8285EF8E100E45687 /* literal.cpp */; };
		965AEBAD285EFB0400E45687 /* test.cpp in Sources */ = {isa = PBXBuildFile; fileRef = 965AEBAC285EFB0400E45687 /* test.cpp */; };
		96DC95FC286817CF004AE767 /* node.cpp in Sources */ = {isa = PBXBuildFile; fileRef = 96DC95FA286817CF004AE767 /* node.cpp */; };
		96DC95FF286818D6004AE767 /* lexer.cpp in Sources */ = {isa = PBXBuildFile; fileRef = 96DC95FD286818D6004AE767 /* lexer.cpp */; };
		96DC960228681E74004AE767 /* display.cpp in Sources */ = {isa = PBXBuildFile; fileRef = 96DC960028681E74004AE767 /* display.cpp */; };
		96DC960628683A68004AE767 /* symbols.cpp in Sources */ = {isa = PBXBuildFile; fileRef = 96DC960428683A68004AE767 /* symbols.cpp */; };
		96DC960928683BB0004AE767 /* grammar.cpp in Sources */ = {isa = PBXBuildFile; fileRef = 96DC960728683BB0004AE767 /* grammar.cpp */; };
/* End PBXBuildFile section */

/* Begin PBXCopyFilesBuildPhase section */
		963348FB285EF2AA00445AC7 /* CopyFiles */ = {
			isa = PBXCopyFilesBuildPhase;
			buildActionMask = 2147483647;
			dstPath = /usr/share/man/man1/;
			dstSubfolderSpec = 0;
			files = (
			);
			runOnlyForDeploymentPostprocessing = 1;
		};
/* End PBXCopyFilesBuildPhase section */

/* Begin PBXFileReference section */
		963348FD285EF2AA00445AC7 /* parser */ = {isa = PBXFileReference; explicitFileType = "compiled.mach-o.executable"; includeInIndex = 0; path = parser; sourceTree = BUILT_PRODUCTS_DIR; };
		96334900285EF2AA00445AC7 /* main.cpp */ = {isa = PBXFileReference; lastKnownFileType = sourcecode.cpp.cpp; path = main.cpp; sourceTree = "<group>"; };
		964FDCCB28601D73006E24C6 /* regex.cpp */ = {isa = PBXFileReference; lastKnownFileType = sourcecode.cpp.cpp; path = regex.cpp; sourceTree = "<group>"; };
		964FDCCC28601D73006E24C6 /* regex.hpp */ = {isa = PBXFileReference; lastKnownFileType = sourcecode.cpp.h; path = regex.hpp; sourceTree = "<group>"; };
		965AEBA5285EF65000E45687 /* finite.cpp */ = {isa = PBXFileReference; lastKnownFileType = sourcecode.cpp.cpp; path = finite.cpp; sourceTree = "<group>"; };
		965AEBA6285EF65000E45687 /* finite.hpp */ = {isa = PBXFileReference; lastKnownFileType = sourcecode.cpp.h; path = finite.hpp; sourceTree = "<group>"; };
		965AEBA8285EF8E100E45687 /* literal.cpp */ = {isa = PBXFileReference; lastKnownFileType = sourcecode.cpp.cpp; path = literal.cpp; sourceTree = "<group>"; };
		965AEBA9285EF8E100E45687 /* literal.hpp */ = {isa = PBXFileReference; lastKnownFileType = sourcecode.cpp.h; path = literal.hpp; sourceTree = "<group>"; };
		965AEBAC285EFB0400E45687 /* test.cpp */ = {isa = PBXFileReference; lastKnownFileType = sourcecode.cpp.cpp; path = test.cpp; sourceTree = "<group>"; };
		96DC95FA286817CF004AE767 /* node.cpp */ = {isa = PBXFileReference; lastKnownFileType = sourcecode.cpp.cpp; path = node.cpp; sourceTree = "<group>"; };
		96DC95FB286817CF004AE767 /* node.hpp */ = {isa = PBXFileReference; lastKnownFileType = sourcecode.cpp.h; path = node.hpp; sourceTree = "<group>"; };
		96DC95FD286818D6004AE767 /* lexer.cpp */ = {isa = PBXFileReference; lastKnownFileType = sourcecode.cpp.cpp; path = lexer.cpp; sourceTree = "<group>"; };
		96DC95FE286818D6004AE767 /* lexer.hpp */ = {isa = PBXFileReference; lastKnownFileType = sourcecode.cpp.h; path = lexer.hpp; sourceTree = "<group>"; };
		96DC960028681E74004AE767 /* display.cpp */ = {isa = PBXFileReference; lastKnownFileType = sourcecode.cpp.cpp; path = display.cpp; sourceTree = "<group>"; };
		96DC960128681E74004AE767 /* display.hpp */ = {isa = PBXFileReference; lastKnownFileType = sourcecode.cpp.h; path = display.hpp; sourceTree = "<group>"; };
		96DC960428683A68004AE767 /* symbols.cpp */ = {isa = PBXFileReference; lastKnownFileType = sourcecode.cpp.cpp; path = symbols.cpp; sourceTree = "<group>"; };
		96DC960528683A68004AE767 /* symbols.hpp */ = {isa = PBXFileReference; lastKnownFileType = sourcecode.cpp.h; path = symbols.hpp; sourceTree = "<group>"; };
		96DC960728683BB0004AE767 /* grammar.cpp */ = {isa = PBXFileReference; lastKnownFileType = sourcecode.cpp.cpp; path = grammar.cpp; sourceTree = "<group>"; };
		96DC960828683BB0004AE767 /* grammar.hpp */ = {isa = PBXFileReference; lastKnownFileType = sourcecode.cpp.h; path = grammar.hpp; sourceTree = "<group>"; };
/* End PBXFileReference section */

/* Begin PBXFrameworksBuildPhase section */
		963348FA285EF2AA00445AC7 /* Frameworks */ = {
			isa = PBXFrameworksBuildPhase;
			buildActionMask = 2147483647;
			files = (
			);
			runOnlyForDeploymentPostprocessing = 0;
		};
/* End PBXFrameworksBuildPhase section */

/* Begin PBXGroup section */
		963348F4285EF2AA00445AC7 = {
			isa = PBXGroup;
			children = (
				963348FF285EF2AA00445AC7 /* parser */,
				965AEBAB285EFAED00E45687 /* test */,
				963348FE285EF2AA00445AC7 /* Products */,
			);
			sourceTree = "<group>";
		};
		963348FE285EF2AA00445AC7 /* Products */ = {
			isa = PBXGroup;
			children = (
				963348FD285EF2AA00445AC7 /* parser */,
			);
			name = Products;
			sourceTree = "<group>";
		};
		963348FF285EF2AA00445AC7 /* parser */ = {
			isa = PBXGroup;
			children = (
				965AEBA6285EF65000E45687 /* finite.hpp */,
				965AEBA5285EF65000E45687 /* finite.cpp */,
				965AEBA9285EF8E100E45687 /* literal.hpp */,
				965AEBA8285EF8E100E45687 /* literal.cpp */,
				964FDCCC28601D73006E24C6 /* regex.hpp */,
				964FDCCB28601D73006E24C6 /* regex.cpp */,
				96DC95FB286817CF004AE767 /* node.hpp */,
				96DC95FA286817CF004AE767 /* node.cpp */,
				96DC95FE286818D6004AE767 /* lexer.hpp */,
				96DC95FD286818D6004AE767 /* lexer.cpp */,
				96DC960528683A68004AE767 /* symbols.hpp */,
				96DC960428683A68004AE767 /* symbols.cpp */,
				96DC960828683BB0004AE767 /* grammar.hpp */,
				96DC960728683BB0004AE767 /* grammar.cpp */,
				96DC960128681E74004AE767 /* display.hpp */,
				96DC960028681E74004AE767 /* display.cpp */,
				96334900285EF2AA00445AC7 /* main.cpp */,
			);
			path = parser;
			sourceTree = "<group>";
		};
		965AEBAB285EFAED00E45687 /* test */ = {
			isa = PBXGroup;
			children = (
				965AEBAC285EFB0400E45687 /* test.cpp */,
			);
			path = test;
			sourceTree = "<group>";
		};
/* End PBXGroup section */

/* Begin PBXNativeTarget section */
		963348FC285EF2AA00445AC7 /* parser */ = {
			isa = PBXNativeTarget;
			buildConfigurationList = 96334904285EF2AA00445AC7 /* Build configuration list for PBXNativeTarget "parser" */;
			buildPhases = (
				963348F9285EF2AA00445AC7 /* Sources */,
				963348FA285EF2AA00445AC7 /* Frameworks */,
				963348FB285EF2AA00445AC7 /* CopyFiles */,
			);
			buildRules = (
			);
			dependencies = (
			);
			name = parser;
			productName = parser;
			productReference = 963348FD285EF2AA00445AC7 /* parser */;
			productType = "com.apple.product-type.tool";
		};
/* End PBXNativeTarget section */

/* Begin PBXProject section */
		963348F5285EF2AA00445AC7 /* Project object */ = {
			isa = PBXProject;
			attributes = {
				BuildIndependentTargetsInParallel = 1;
				LastUpgradeCheck = 1340;
				TargetAttributes = {
					963348FC285EF2AA00445AC7 = {
						CreatedOnToolsVersion = 13.4.1;
					};
				};
			};
			buildConfigurationList = 963348F8285EF2AA00445AC7 /* Build configuration list for PBXProject "parser" */;
			compatibilityVersion = "Xcode 13.0";
			developmentRegion = en;
			hasScannedForEncodings = 0;
			knownRegions = (
				en,
				Base,
			);
			mainGroup = 963348F4285EF2AA00445AC7;
			productRefGroup = 963348FE285EF2AA00445AC7 /* Products */;
			projectDirPath = "";
			projectRoot = "";
			targets = (
				963348FC285EF2AA00445AC7 /* parser */,
			);
		};
/* End PBXProject section */

/* Begin PBXSourcesBuildPhase section */
		963348F9285EF2AA00445AC7 /* Sources */ = {
			isa = PBXSourcesBuildPhase;
			buildActionMask = 2147483647;
			files = (
				965AEBA7285EF65000E45687 /* finite.cpp in Sources */,
				964FDCCD28601D73006E24C6 /* regex.cpp in Sources */,
				96DC960228681E74004AE767 /* display.cpp in Sources */,
				965AEBAD285EFB0400E45687 /* test.cpp in Sources */,
				965AEBAA285EF8E100E45687 /* literal.cpp in Sources */,
				96DC960928683BB0004AE767 /* grammar.cpp in Sources */,
				96DC960628683A68004AE767 /* symbols.cpp in Sources */,
				96334901285EF2AA00445AC7 /* main.cpp in Sources */,
				96DC95FC286817CF004AE767 /* node.cpp in Sources */,
				96DC95FF286818D6004AE767 /* lexer.cpp in Sources */,
			);
			runOnlyForDeploymentPostprocessing = 0;
		};
/* End PBXSourcesBuildPhase section */

/* Begin XCBuildConfiguration section */
		96334902285EF2AA00445AC7 /* Debug */ = {
			isa = XCBuildConfiguration;
			buildSettings = {
				ALWAYS_SEARCH_USER_PATHS = NO;
				CLANG_ANALYZER_NONNULL = YES;
				CLANG_ANALYZER_NUMBER_OBJECT_CONVERSION = YES_AGGRESSIVE;
				CLANG_CXX_LANGUAGE_STANDARD = "gnu++17";
				CLANG_ENABLE_MODULES = YES;
				CLANG_ENABLE_OBJC_ARC = YES;
				CLANG_ENABLE_OBJC_WEAK = YES;
				CLANG_WARN_BLOCK_CAPTURE_AUTORELEASING = YES;
				CLANG_WARN_BOOL_CONVERSION = YES;
				CLANG_WARN_COMMA = YES;
				CLANG_WARN_CONSTANT_CONVERSION = YES;
				CLANG_WARN_DEPRECATED_OBJC_IMPLEMENTATIONS = YES;
				CLANG_WARN_DIRECT_OBJC_ISA_USAGE = YES_ERROR;
				CLANG_WARN_DOCUMENTATION_COMMENTS = YES;
				CLANG_WARN_EMPTY_BODY = YES;
				CLANG_WARN_ENUM_CONVERSION = YES;
				CLANG_WARN_INFINITE_RECURSION = YES;
				CLANG_WARN_INT_CONVERSION = YES;
				CLANG_WARN_NON_LITERAL_NULL_CONVERSION = YES;
				CLANG_WARN_OBJC_IMPLICIT_RETAIN_SELF = YES;
				CLANG_WARN_OBJC_LITERAL_CONVERSION = YES;
				CLANG_WARN_OBJC_ROOT_CLASS = YES_ERROR;
				CLANG_WARN_QUOTED_INCLUDE_IN_FRAMEWORK_HEADER = YES;
				CLANG_WARN_RANGE_LOOP_ANALYSIS = YES;
				CLANG_WARN_STRICT_PROTOTYPES = YES;
				CLANG_WARN_SUSPICIOUS_MOVE = YES;
				CLANG_WARN_UNGUARDED_AVAILABILITY = YES_AGGRESSIVE;
				CLANG_WARN_UNREACHABLE_CODE = YES;
				CLANG_WARN__DUPLICATE_METHOD_MATCH = YES;
				COPY_PHASE_STRIP = NO;
				DEBUG_INFORMATION_FORMAT = dwarf;
				ENABLE_STRICT_OBJC_MSGSEND = YES;
				ENABLE_TESTABILITY = YES;
				GCC_C_LANGUAGE_STANDARD = gnu11;
				GCC_DYNAMIC_NO_PIC = NO;
				GCC_NO_COMMON_BLOCKS = YES;
				GCC_OPTIMIZATION_LEVEL = 0;
				GCC_PREPROCESSOR_DEFINITIONS = (
					"DEBUG=1",
					"$(inherited)",
				);
				GCC_WARN_64_TO_32_BIT_CONVERSION = YES;
				GCC_WARN_ABOUT_RETURN_TYPE = YES_ERROR;
				GCC_WARN_UNDECLARED_SELECTOR = YES;
				GCC_WARN_UNINITIALIZED_AUTOS = YES_AGGRESSIVE;
				GCC_WARN_UNUSED_FUNCTION = YES;
				GCC_WARN_UNUSED_VARIABLE = YES;
				MACOSX_DEPLOYMENT_TARGET = 12.3;
				MTL_ENABLE_DEBUG_INFO = INCLUDE_SOURCE;
				MTL_FAST_MATH = YES;
				ONLY_ACTIVE_ARCH = YES;
				SDKROOT = macosx;
			};
			name = Debug;
		};
		96334903285EF2AA00445AC7 /* Release */ = {
			isa = XCBuildConfiguration;
			buildSettings = {
				ALWAYS_SEARCH_USER_PATHS = NO;
				CLANG_ANALYZER_NONNULL = YES;
				CLANG_ANALYZER_NUMBER_OBJECT_CONVERSION = YES_AGGRESSIVE;
				CLANG_CXX_LANGUAGE_STANDARD = "gnu++17";
				CLANG_ENABLE_MODULES = YES;
				CLANG_ENABLE_OBJC_ARC = YES;
				CLANG_ENABLE_OBJC_WEAK = YES;
				CLANG_WARN_BLOCK_CAPTURE_AUTORELEASING = YES;
				CLANG_WARN_BOOL_CONVERSION = YES;
				CLANG_WARN_COMMA = YES;
				CLANG_WARN_CONSTANT_CONVERSION = YES;
				CLANG_WARN_DEPRECATED_OBJC_IMPLEMENTATIONS = YES;
				CLANG_WARN_DIRECT_OBJC_ISA_USAGE = YES_ERROR;
				CLANG_WARN_DOCUMENTATION_COMMENTS = YES;
				CLANG_WARN_EMPTY_BODY = YES;
				CLANG_WARN_ENUM_CONVERSION = YES;
				CLANG_WARN_INFINITE_RECURSION = YES;
				CLANG_WARN_INT_CONVERSION = YES;
				CLANG_WARN_NON_LITERAL_NULL_CONVERSION = YES;
				CLANG_WARN_OBJC_IMPLICIT_RETAIN_SELF = YES;
				CLANG_WARN_OBJC_LITERAL_CONVERSION = YES;
				CLANG_WARN_OBJC_ROOT_CLASS = YES_ERROR;
				CLANG_WARN_QUOTED_INCLUDE_IN_FRAMEWORK_HEADER = YES;
				CLANG_WARN_RANGE_LOOP_ANALYSIS = YES;
				CLANG_WARN_STRICT_PROTOTYPES = YES;
				CLANG_WARN_SUSPICIOUS_MOVE = YES;
				CLANG_WARN_UNGUARDED_AVAILABILITY = YES_AGGRESSIVE;
				CLANG_WARN_UNREACHABLE_CODE = YES;
				CLANG_WARN__DUPLICATE_METHOD_MATCH = YES;
				COPY_PHASE_STRIP = NO;
				DEBUG_INFORMATION_FORMAT = "dwarf-with-dsym";
				ENABLE_NS_ASSERTIONS = NO;
				ENABLE_STRICT_OBJC_MSGSEND = YES;
				GCC_C_LANGUAGE_STANDARD = gnu11;
				GCC_NO_COMMON_BLOCKS = YES;
				GCC_WARN_64_TO_32_BIT_CONVERSION = YES;
				GCC_WARN_ABOUT_RETURN_TYPE = YES_ERROR;
				GCC_WARN_UNDECLARED_SELECTOR = YES;
				GCC_WARN_UNINITIALIZED_AUTOS = YES_AGGRESSIVE;
				GCC_WARN_UNUSED_FUNCTION = YES;
				GCC_WARN_UNUSED_VARIABLE = YES;
				MACOSX_DEPLOYMENT_TARGET = 12.3;
				MTL_ENABLE_DEBUG_INFO = NO;
				MTL_FAST_MATH = YES;
				SDKROOT = macosx;
			};
			name = Release;
		};
		96334905285EF2AA00445AC7 /* Debug */ = {
			isa = XCBuildConfiguration;
			buildSettings = {
				CODE_SIGN_STYLE = Automatic;
				PRODUCT_NAME = "$(TARGET_NAME)";
			};
			name = Debug;
		};
		96334906285EF2AA00445AC7 /* Release */ = {
			isa = XCBuildConfiguration;
			buildSettings = {
				CODE_SIGN_STYLE = Automatic;
				PRODUCT_NAME = "$(TARGET_NAME)";
			};
			name = Release;
		};
/* End XCBuildConfiguration section */

/* Begin XCConfigurationList section */
		963348F8285EF2AA00445AC7 /* Build configuration list for PBXProject "parser" */ = {
			isa = XCConfigurationList;
			buildConfigurations = (
				96334902285EF2AA00445AC7 /* Debug */,
				96334903285EF2AA00445AC7 /* Release */,
			);
			defaultConfigurationIsVisible = 0;
			defaultConfigurationName = Release;
		};
		96334904285EF2AA00445AC7 /* Build configuration list for PBXNativeTarget "parser" */ = {
			isa = XCConfigurationList;
			buildConfigurations = (
				96334905285EF2AA00445AC7 /* Debug */,
				96334906285EF2AA00445AC7 /* Release */,
			);
			defaultConfigurationIsVisible = 0;
			defaultConfigurationName = Release;
		};
/* End XCConfigurationList section */
	};
	rootObject = 963348F5285EF2AA00445AC7 /* Project object */;
}
