// !$*UTF8*$!
{
	archiveVersion = 1;
	classes = {
	};
	objectVersion = 56;
	objects = {

/* Begin PBXBuildFile section */
		9676CA0229A16F14009397B1 /* main.cpp in Sources */ = {isa = PBXBuildFile; fileRef = 9676CA0129A16F14009397B1 /* main.cpp */; };
		96ACC9602B707047002E15E9 /* xml.bnf in Sources */ = {isa = PBXBuildFile; fileRef = 96CEA0782B706D57006D6139 /* xml.bnf */; };
		96CEA07A2B706D57006D6139 /* xml.cpp in Sources */ = {isa = PBXBuildFile; fileRef = 96CEA0772B706D57006D6139 /* xml.cpp */; };
		96EF81B029A1733A001CC416 /* finite.cpp in Sources */ = {isa = PBXBuildFile; fileRef = 96EF81AE29A1733A001CC416 /* finite.cpp */; };
		96EF81C029A1747E001CC416 /* literal.cpp in Sources */ = {isa = PBXBuildFile; fileRef = 96EF81BE29A1747E001CC416 /* literal.cpp */; };
		96EF81C429A174C8001CC416 /* regex.cpp in Sources */ = {isa = PBXBuildFile; fileRef = 96EF81C229A174C8001CC416 /* regex.cpp */; };
		96EF81CA29A17C54001CC416 /* node.cpp in Sources */ = {isa = PBXBuildFile; fileRef = 96EF81C829A17C54001CC416 /* node.cpp */; };
		96EF81CD29A17C72001CC416 /* lexer.cpp in Sources */ = {isa = PBXBuildFile; fileRef = 96EF81CB29A17C72001CC416 /* lexer.cpp */; };
		96EF81D329A17E4E001CC416 /* symbols.cpp in Sources */ = {isa = PBXBuildFile; fileRef = 96EF81D129A17E4E001CC416 /* symbols.cpp */; };
		96EF81D729A17ECF001CC416 /* grammar.cpp in Sources */ = {isa = PBXBuildFile; fileRef = 96EF81D529A17ECF001CC416 /* grammar.cpp */; };
		96EF81DB29A17EEF001CC416 /* state.cpp in Sources */ = {isa = PBXBuildFile; fileRef = 96EF81D929A17EEF001CC416 /* state.cpp */; };
		96EF81DF29A17F32001CC416 /* solver.cpp in Sources */ = {isa = PBXBuildFile; fileRef = 96EF81DD29A17F32001CC416 /* solver.cpp */; };
		96EF81E329A1808B001CC416 /* display.cpp in Sources */ = {isa = PBXBuildFile; fileRef = 96EF81E129A1808B001CC416 /* display.cpp */; };
		96EF81E729A18184001CC416 /* code.cpp in Sources */ = {isa = PBXBuildFile; fileRef = 96EF81E529A18184001CC416 /* code.cpp */; };
		96EF81FB29A19AEA001CC416 /* options.cpp in Sources */ = {isa = PBXBuildFile; fileRef = 96EF81F929A19AEA001CC416 /* options.cpp */; };
		96EF81FD29A19ED8001CC416 /* parser in CopyFiles */ = {isa = PBXBuildFile; fileRef = 9676C9FE29A16F14009397B1 /* parser */; };
		96FF54082B70549200DBBB5C /* main.cpp in Sources */ = {isa = PBXBuildFile; fileRef = 96FF54072B70549200DBBB5C /* main.cpp */; };
/* End PBXBuildFile section */

/* Begin PBXBuildRule section */
		96ACC95F2B706FFD002E15E9 /* PBXBuildRule */ = {
			isa = PBXBuildRule;
			compilerSpec = com.apple.compilers.proxy.script;
			filePatterns = "*.bnf";
			fileType = pattern.proxy;
			inputFiles = (
				"$(SRCROOT)/xml/xml.bnf",
			);
			isEditable = 1;
			outputFiles = (
				"$(DERIVED_FILE_DIR)/states.cpp",
			);
			script = "PATH=${PATH}:~/source/bin\ncd \"$DERIVED_FILE_DIR\"\nparser -o states.cpp $INPUT_FILE_PATH\n";
		};
/* End PBXBuildRule section */

/* Begin PBXCopyFilesBuildPhase section */
		9676C9FC29A16F14009397B1 /* CopyFiles */ = {
			isa = PBXCopyFilesBuildPhase;
			buildActionMask = 12;
			dstPath = "$(PROJECT_DIR)/bin";
			dstSubfolderSpec = 0;
			files = (
				96EF81FD29A19ED8001CC416 /* parser in CopyFiles */,
			);
			runOnlyForDeploymentPostprocessing = 0;
		};
		96FF54032B70549200DBBB5C /* CopyFiles */ = {
			isa = PBXCopyFilesBuildPhase;
			buildActionMask = 2147483647;
			dstPath = /usr/share/man/man1/;
			dstSubfolderSpec = 0;
			files = (
			);
			runOnlyForDeploymentPostprocessing = 1;
		};
/* End PBXCopyFilesBuildPhase section */

/* Begin PBXFileReference section */
		961BA83E2B708ECD00B1982F /* test.xml */ = {isa = PBXFileReference; lastKnownFileType = text.xml; path = test.xml; sourceTree = "<group>"; };
		963C033E2B0FEC70007CD99C /* calculator.bnf */ = {isa = PBXFileReference; lastKnownFileType = text; path = calculator.bnf; sourceTree = "<group>"; };
		9676C9FE29A16F14009397B1 /* parser */ = {isa = PBXFileReference; explicitFileType = "compiled.mach-o.executable"; includeInIndex = 0; path = parser; sourceTree = BUILT_PRODUCTS_DIR; };
		9676CA0129A16F14009397B1 /* main.cpp */ = {isa = PBXFileReference; lastKnownFileType = sourcecode.cpp.cpp; path = main.cpp; sourceTree = "<group>"; };
		96B1613429A1B08800B90F93 /* Makefile */ = {isa = PBXFileReference; lastKnownFileType = sourcecode.make; path = Makefile; sourceTree = "<group>"; };
		96CEA0772B706D57006D6139 /* xml.cpp */ = {isa = PBXFileReference; fileEncoding = 4; lastKnownFileType = sourcecode.cpp.cpp; path = xml.cpp; sourceTree = "<group>"; };
		96CEA0782B706D57006D6139 /* xml.bnf */ = {isa = PBXFileReference; fileEncoding = 4; lastKnownFileType = text; path = xml.bnf; sourceTree = "<group>"; };
		96CEA0792B706D57006D6139 /* xml.hpp */ = {isa = PBXFileReference; fileEncoding = 4; lastKnownFileType = sourcecode.cpp.h; path = xml.hpp; sourceTree = "<group>"; };
		96EF81AE29A1733A001CC416 /* finite.cpp */ = {isa = PBXFileReference; lastKnownFileType = sourcecode.cpp.cpp; path = finite.cpp; sourceTree = "<group>"; };
		96EF81AF29A1733A001CC416 /* finite.hpp */ = {isa = PBXFileReference; lastKnownFileType = sourcecode.cpp.h; path = finite.hpp; sourceTree = "<group>"; };
		96EF81BE29A1747E001CC416 /* literal.cpp */ = {isa = PBXFileReference; lastKnownFileType = sourcecode.cpp.cpp; path = literal.cpp; sourceTree = "<group>"; };
		96EF81BF29A1747E001CC416 /* literal.hpp */ = {isa = PBXFileReference; lastKnownFileType = sourcecode.cpp.h; path = literal.hpp; sourceTree = "<group>"; };
		96EF81C229A174C8001CC416 /* regex.cpp */ = {isa = PBXFileReference; lastKnownFileType = sourcecode.cpp.cpp; path = regex.cpp; sourceTree = "<group>"; };
		96EF81C329A174C8001CC416 /* regex.hpp */ = {isa = PBXFileReference; lastKnownFileType = sourcecode.cpp.h; path = regex.hpp; sourceTree = "<group>"; };
		96EF81C629A17601001CC416 /* license.md */ = {isa = PBXFileReference; lastKnownFileType = net.daringfireball.markdown; path = license.md; sourceTree = "<group>"; };
		96EF81C729A17623001CC416 /* readme.md */ = {isa = PBXFileReference; lastKnownFileType = net.daringfireball.markdown; path = readme.md; sourceTree = "<group>"; };
		96EF81C829A17C54001CC416 /* node.cpp */ = {isa = PBXFileReference; lastKnownFileType = sourcecode.cpp.cpp; path = node.cpp; sourceTree = "<group>"; };
		96EF81C929A17C54001CC416 /* node.hpp */ = {isa = PBXFileReference; lastKnownFileType = sourcecode.cpp.h; path = node.hpp; sourceTree = "<group>"; };
		96EF81CB29A17C72001CC416 /* lexer.cpp */ = {isa = PBXFileReference; lastKnownFileType = sourcecode.cpp.cpp; path = lexer.cpp; sourceTree = "<group>"; };
		96EF81CC29A17C72001CC416 /* lexer.hpp */ = {isa = PBXFileReference; lastKnownFileType = sourcecode.cpp.h; path = lexer.hpp; sourceTree = "<group>"; };
		96EF81D129A17E4E001CC416 /* symbols.cpp */ = {isa = PBXFileReference; lastKnownFileType = sourcecode.cpp.cpp; path = symbols.cpp; sourceTree = "<group>"; };
		96EF81D229A17E4E001CC416 /* symbols.hpp */ = {isa = PBXFileReference; lastKnownFileType = sourcecode.cpp.h; path = symbols.hpp; sourceTree = "<group>"; };
		96EF81D529A17ECF001CC416 /* grammar.cpp */ = {isa = PBXFileReference; lastKnownFileType = sourcecode.cpp.cpp; path = grammar.cpp; sourceTree = "<group>"; };
		96EF81D629A17ECF001CC416 /* grammar.hpp */ = {isa = PBXFileReference; lastKnownFileType = sourcecode.cpp.h; path = grammar.hpp; sourceTree = "<group>"; };
		96EF81D929A17EEF001CC416 /* state.cpp */ = {isa = PBXFileReference; lastKnownFileType = sourcecode.cpp.cpp; path = state.cpp; sourceTree = "<group>"; };
		96EF81DA29A17EEF001CC416 /* state.hpp */ = {isa = PBXFileReference; lastKnownFileType = sourcecode.cpp.h; path = state.hpp; sourceTree = "<group>"; };
		96EF81DD29A17F32001CC416 /* solver.cpp */ = {isa = PBXFileReference; lastKnownFileType = sourcecode.cpp.cpp; path = solver.cpp; sourceTree = "<group>"; };
		96EF81DE29A17F32001CC416 /* solver.hpp */ = {isa = PBXFileReference; lastKnownFileType = sourcecode.cpp.h; path = solver.hpp; sourceTree = "<group>"; };
		96EF81E129A1808B001CC416 /* display.cpp */ = {isa = PBXFileReference; lastKnownFileType = sourcecode.cpp.cpp; path = display.cpp; sourceTree = "<group>"; };
		96EF81E229A1808B001CC416 /* display.hpp */ = {isa = PBXFileReference; lastKnownFileType = sourcecode.cpp.h; path = display.hpp; sourceTree = "<group>"; };
		96EF81E529A18184001CC416 /* code.cpp */ = {isa = PBXFileReference; lastKnownFileType = sourcecode.cpp.cpp; path = code.cpp; sourceTree = "<group>"; };
		96EF81E629A18184001CC416 /* code.hpp */ = {isa = PBXFileReference; lastKnownFileType = sourcecode.cpp.h; path = code.hpp; sourceTree = "<group>"; };
		96EF81E829A18200001CC416 /* test.bnf */ = {isa = PBXFileReference; lastKnownFileType = text; path = test.bnf; sourceTree = "<group>"; };
		96EF81F929A19AEA001CC416 /* options.cpp */ = {isa = PBXFileReference; lastKnownFileType = sourcecode.cpp.cpp; path = options.cpp; sourceTree = "<group>"; };
		96EF81FA29A19AEA001CC416 /* options.hpp */ = {isa = PBXFileReference; lastKnownFileType = sourcecode.cpp.h; path = options.hpp; sourceTree = "<group>"; };
		96FF54052B70549200DBBB5C /* xml */ = {isa = PBXFileReference; explicitFileType = "compiled.mach-o.executable"; includeInIndex = 0; path = xml; sourceTree = BUILT_PRODUCTS_DIR; };
		96FF54072B70549200DBBB5C /* main.cpp */ = {isa = PBXFileReference; lastKnownFileType = sourcecode.cpp.cpp; path = main.cpp; sourceTree = "<group>"; };
/* End PBXFileReference section */

/* Begin PBXFrameworksBuildPhase section */
		9676C9FB29A16F14009397B1 /* Frameworks */ = {
			isa = PBXFrameworksBuildPhase;
			buildActionMask = 2147483647;
			files = (
			);
			runOnlyForDeploymentPostprocessing = 0;
		};
		96FF54022B70549200DBBB5C /* Frameworks */ = {
			isa = PBXFrameworksBuildPhase;
			buildActionMask = 2147483647;
			files = (
			);
			runOnlyForDeploymentPostprocessing = 0;
		};
/* End PBXFrameworksBuildPhase section */

/* Begin PBXGroup section */
		9676C9F529A16F14009397B1 = {
			isa = PBXGroup;
			children = (
				96EF81C729A17623001CC416 /* readme.md */,
				96EF81C629A17601001CC416 /* license.md */,
				96B1613429A1B08800B90F93 /* Makefile */,
				96EF81FA29A19AEA001CC416 /* options.hpp */,
				96EF81F929A19AEA001CC416 /* options.cpp */,
				9676CA0129A16F14009397B1 /* main.cpp */,
				9676CA0029A16F14009397B1 /* lexer */,
				96EF81D029A17E04001CC416 /* parser */,
				96EF81B729A173A6001CC416 /* tests */,
				96FF54062B70549200DBBB5C /* xml */,
				9676C9FF29A16F14009397B1 /* Products */,
			);
			sourceTree = "<group>";
		};
		9676C9FF29A16F14009397B1 /* Products */ = {
			isa = PBXGroup;
			children = (
				9676C9FE29A16F14009397B1 /* parser */,
				96FF54052B70549200DBBB5C /* xml */,
			);
			name = Products;
			sourceTree = "<group>";
		};
		9676CA0029A16F14009397B1 /* lexer */ = {
			isa = PBXGroup;
			children = (
				96EF81AF29A1733A001CC416 /* finite.hpp */,
				96EF81AE29A1733A001CC416 /* finite.cpp */,
				96EF81BF29A1747E001CC416 /* literal.hpp */,
				96EF81BE29A1747E001CC416 /* literal.cpp */,
				96EF81C329A174C8001CC416 /* regex.hpp */,
				96EF81C229A174C8001CC416 /* regex.cpp */,
				96EF81C929A17C54001CC416 /* node.hpp */,
				96EF81C829A17C54001CC416 /* node.cpp */,
				96EF81CC29A17C72001CC416 /* lexer.hpp */,
				96EF81CB29A17C72001CC416 /* lexer.cpp */,
			);
			path = lexer;
			sourceTree = "<group>";
		};
		96EF81B729A173A6001CC416 /* tests */ = {
			isa = PBXGroup;
			children = (
				963C033E2B0FEC70007CD99C /* calculator.bnf */,
				96EF81E829A18200001CC416 /* test.bnf */,
				961BA83E2B708ECD00B1982F /* test.xml */,
			);
			path = tests;
			sourceTree = "<group>";
		};
		96EF81D029A17E04001CC416 /* parser */ = {
			isa = PBXGroup;
			children = (
				96EF81D229A17E4E001CC416 /* symbols.hpp */,
				96EF81D129A17E4E001CC416 /* symbols.cpp */,
				96EF81D629A17ECF001CC416 /* grammar.hpp */,
				96EF81D529A17ECF001CC416 /* grammar.cpp */,
				96EF81DA29A17EEF001CC416 /* state.hpp */,
				96EF81D929A17EEF001CC416 /* state.cpp */,
				96EF81DE29A17F32001CC416 /* solver.hpp */,
				96EF81DD29A17F32001CC416 /* solver.cpp */,
				96EF81E229A1808B001CC416 /* display.hpp */,
				96EF81E129A1808B001CC416 /* display.cpp */,
				96EF81E629A18184001CC416 /* code.hpp */,
				96EF81E529A18184001CC416 /* code.cpp */,
			);
			path = parser;
			sourceTree = "<group>";
		};
		96FF54062B70549200DBBB5C /* xml */ = {
			isa = PBXGroup;
			children = (
				96CEA0782B706D57006D6139 /* xml.bnf */,
				96CEA0792B706D57006D6139 /* xml.hpp */,
				96CEA0772B706D57006D6139 /* xml.cpp */,
				96FF54072B70549200DBBB5C /* main.cpp */,
			);
			path = xml;
			sourceTree = "<group>";
		};
/* End PBXGroup section */

/* Begin PBXNativeTarget section */
		9676C9FD29A16F14009397B1 /* parser */ = {
			isa = PBXNativeTarget;
			buildConfigurationList = 9676CA0529A16F14009397B1 /* Build configuration list for PBXNativeTarget "parser" */;
			buildPhases = (
				9676C9FA29A16F14009397B1 /* Sources */,
				9676C9FB29A16F14009397B1 /* Frameworks */,
				9676C9FC29A16F14009397B1 /* CopyFiles */,
			);
			buildRules = (
			);
			dependencies = (
			);
			name = parser;
			productName = parser;
			productReference = 9676C9FE29A16F14009397B1 /* parser */;
			productType = "com.apple.product-type.tool";
		};
		96FF54042B70549200DBBB5C /* xml */ = {
			isa = PBXNativeTarget;
			buildConfigurationList = 96FF540B2B70549200DBBB5C /* Build configuration list for PBXNativeTarget "xml" */;
			buildPhases = (
				96FF54012B70549200DBBB5C /* Sources */,
				96FF54022B70549200DBBB5C /* Frameworks */,
				96FF54032B70549200DBBB5C /* CopyFiles */,
			);
			buildRules = (
				96ACC95F2B706FFD002E15E9 /* PBXBuildRule */,
			);
			dependencies = (
			);
			name = xml;
			productName = xml;
			productReference = 96FF54052B70549200DBBB5C /* xml */;
			productType = "com.apple.product-type.tool";
		};
/* End PBXNativeTarget section */

/* Begin PBXProject section */
		9676C9F629A16F14009397B1 /* Project object */ = {
			isa = PBXProject;
			attributes = {
				BuildIndependentTargetsInParallel = 1;
				LastUpgradeCheck = 1520;
				TargetAttributes = {
					9676C9FD29A16F14009397B1 = {
						CreatedOnToolsVersion = 14.2;
					};
					96FF54042B70549200DBBB5C = {
						CreatedOnToolsVersion = 15.2;
					};
				};
			};
			buildConfigurationList = 9676C9F929A16F14009397B1 /* Build configuration list for PBXProject "parser" */;
			compatibilityVersion = "Xcode 14.0";
			developmentRegion = en;
			hasScannedForEncodings = 0;
			knownRegions = (
				en,
				Base,
			);
			mainGroup = 9676C9F529A16F14009397B1;
			productRefGroup = 9676C9FF29A16F14009397B1 /* Products */;
			projectDirPath = "";
			projectRoot = "";
			targets = (
				9676C9FD29A16F14009397B1 /* parser */,
				96FF54042B70549200DBBB5C /* xml */,
			);
		};
/* End PBXProject section */

/* Begin PBXSourcesBuildPhase section */
		9676C9FA29A16F14009397B1 /* Sources */ = {
			isa = PBXSourcesBuildPhase;
			buildActionMask = 2147483647;
			files = (
				96EF81DF29A17F32001CC416 /* solver.cpp in Sources */,
				96EF81B029A1733A001CC416 /* finite.cpp in Sources */,
				96EF81FB29A19AEA001CC416 /* options.cpp in Sources */,
				96EF81DB29A17EEF001CC416 /* state.cpp in Sources */,
				96EF81C429A174C8001CC416 /* regex.cpp in Sources */,
				96EF81E329A1808B001CC416 /* display.cpp in Sources */,
				96EF81CD29A17C72001CC416 /* lexer.cpp in Sources */,
				96EF81D729A17ECF001CC416 /* grammar.cpp in Sources */,
				96EF81C029A1747E001CC416 /* literal.cpp in Sources */,
				96EF81E729A18184001CC416 /* code.cpp in Sources */,
				96EF81CA29A17C54001CC416 /* node.cpp in Sources */,
				96EF81D329A17E4E001CC416 /* symbols.cpp in Sources */,
				9676CA0229A16F14009397B1 /* main.cpp in Sources */,
			);
			runOnlyForDeploymentPostprocessing = 0;
		};
		96FF54012B70549200DBBB5C /* Sources */ = {
			isa = PBXSourcesBuildPhase;
			buildActionMask = 2147483647;
			files = (
				96ACC9602B707047002E15E9 /* xml.bnf in Sources */,
				96FF54082B70549200DBBB5C /* main.cpp in Sources */,
				96CEA07A2B706D57006D6139 /* xml.cpp in Sources */,
			);
			runOnlyForDeploymentPostprocessing = 0;
		};
/* End PBXSourcesBuildPhase section */

/* Begin XCBuildConfiguration section */
		9676CA0329A16F14009397B1 /* Debug */ = {
			isa = XCBuildConfiguration;
			buildSettings = {
				ALWAYS_SEARCH_USER_PATHS = NO;
				CLANG_ANALYZER_NONNULL = YES;
				CLANG_ANALYZER_NUMBER_OBJECT_CONVERSION = YES_AGGRESSIVE;
				CLANG_CXX_LANGUAGE_STANDARD = "gnu++20";
				CLANG_ENABLE_MODULES = YES;
				CLANG_ENABLE_OBJC_ARC = YES;
				CLANG_ENABLE_OBJC_WEAK = YES;
				CLANG_WARN_BLOCK_CAPTURE_AUTORELEASING = YES;
				CLANG_WARN_BOOL_CONVERSION = YES;
				CLANG_WARN_COMMA = YES;
				CLANG_WARN_CONSTANT_CONVERSION = YES;
				CLANG_WARN_DEPRECATED_OBJC_IMPLEMENTATIONS = YES;
				CLANG_WARN_DIRECT_OBJC_ISA_USAGE = YES_ERROR;
				CLANG_WARN_DOCUMENTATION_COMMENTS = YES;
				CLANG_WARN_EMPTY_BODY = YES;
				CLANG_WARN_ENUM_CONVERSION = YES;
				CLANG_WARN_INFINITE_RECURSION = YES;
				CLANG_WARN_INT_CONVERSION = YES;
				CLANG_WARN_NON_LITERAL_NULL_CONVERSION = YES;
				CLANG_WARN_OBJC_IMPLICIT_RETAIN_SELF = YES;
				CLANG_WARN_OBJC_LITERAL_CONVERSION = YES;
				CLANG_WARN_OBJC_ROOT_CLASS = YES_ERROR;
				CLANG_WARN_QUOTED_INCLUDE_IN_FRAMEWORK_HEADER = YES;
				CLANG_WARN_RANGE_LOOP_ANALYSIS = YES;
				CLANG_WARN_STRICT_PROTOTYPES = YES;
				CLANG_WARN_SUSPICIOUS_MOVE = YES;
				CLANG_WARN_UNGUARDED_AVAILABILITY = YES_AGGRESSIVE;
				CLANG_WARN_UNREACHABLE_CODE = YES;
				CLANG_WARN__DUPLICATE_METHOD_MATCH = YES;
				COPY_PHASE_STRIP = NO;
				DEAD_CODE_STRIPPING = YES;
				DEBUG_INFORMATION_FORMAT = dwarf;
				ENABLE_STRICT_OBJC_MSGSEND = YES;
				ENABLE_TESTABILITY = YES;
				ENABLE_USER_SCRIPT_SANDBOXING = YES;
				GCC_C_LANGUAGE_STANDARD = gnu11;
				GCC_DYNAMIC_NO_PIC = NO;
				GCC_NO_COMMON_BLOCKS = YES;
				GCC_OPTIMIZATION_LEVEL = 0;
				GCC_PREPROCESSOR_DEFINITIONS = (
					"DEBUG=1",
					"$(inherited)",
				);
				GCC_WARN_64_TO_32_BIT_CONVERSION = YES;
				GCC_WARN_ABOUT_RETURN_TYPE = YES_ERROR;
				GCC_WARN_UNDECLARED_SELECTOR = YES;
				GCC_WARN_UNINITIALIZED_AUTOS = YES_AGGRESSIVE;
				GCC_WARN_UNUSED_FUNCTION = YES;
				GCC_WARN_UNUSED_VARIABLE = YES;
				MACOSX_DEPLOYMENT_TARGET = 13.1;
				MTL_ENABLE_DEBUG_INFO = INCLUDE_SOURCE;
				MTL_FAST_MATH = YES;
				ONLY_ACTIVE_ARCH = YES;
				SDKROOT = macosx;
			};
			name = Debug;
		};
		9676CA0429A16F14009397B1 /* Release */ = {
			isa = XCBuildConfiguration;
			buildSettings = {
				ALWAYS_SEARCH_USER_PATHS = NO;
				CLANG_ANALYZER_NONNULL = YES;
				CLANG_ANALYZER_NUMBER_OBJECT_CONVERSION = YES_AGGRESSIVE;
				CLANG_CXX_LANGUAGE_STANDARD = "gnu++20";
				CLANG_ENABLE_MODULES = YES;
				CLANG_ENABLE_OBJC_ARC = YES;
				CLANG_ENABLE_OBJC_WEAK = YES;
				CLANG_WARN_BLOCK_CAPTURE_AUTORELEASING = YES;
				CLANG_WARN_BOOL_CONVERSION = YES;
				CLANG_WARN_COMMA = YES;
				CLANG_WARN_CONSTANT_CONVERSION = YES;
				CLANG_WARN_DEPRECATED_OBJC_IMPLEMENTATIONS = YES;
				CLANG_WARN_DIRECT_OBJC_ISA_USAGE = YES_ERROR;
				CLANG_WARN_DOCUMENTATION_COMMENTS = YES;
				CLANG_WARN_EMPTY_BODY = YES;
				CLANG_WARN_ENUM_CONVERSION = YES;
				CLANG_WARN_INFINITE_RECURSION = YES;
				CLANG_WARN_INT_CONVERSION = YES;
				CLANG_WARN_NON_LITERAL_NULL_CONVERSION = YES;
				CLANG_WARN_OBJC_IMPLICIT_RETAIN_SELF = YES;
				CLANG_WARN_OBJC_LITERAL_CONVERSION = YES;
				CLANG_WARN_OBJC_ROOT_CLASS = YES_ERROR;
				CLANG_WARN_QUOTED_INCLUDE_IN_FRAMEWORK_HEADER = YES;
				CLANG_WARN_RANGE_LOOP_ANALYSIS = YES;
				CLANG_WARN_STRICT_PROTOTYPES = YES;
				CLANG_WARN_SUSPICIOUS_MOVE = YES;
				CLANG_WARN_UNGUARDED_AVAILABILITY = YES_AGGRESSIVE;
				CLANG_WARN_UNREACHABLE_CODE = YES;
				CLANG_WARN__DUPLICATE_METHOD_MATCH = YES;
				COPY_PHASE_STRIP = NO;
				DEAD_CODE_STRIPPING = YES;
				DEBUG_INFORMATION_FORMAT = "dwarf-with-dsym";
				ENABLE_NS_ASSERTIONS = NO;
				ENABLE_STRICT_OBJC_MSGSEND = YES;
				ENABLE_USER_SCRIPT_SANDBOXING = YES;
				GCC_C_LANGUAGE_STANDARD = gnu11;
				GCC_NO_COMMON_BLOCKS = YES;
				GCC_WARN_64_TO_32_BIT_CONVERSION = YES;
				GCC_WARN_ABOUT_RETURN_TYPE = YES_ERROR;
				GCC_WARN_UNDECLARED_SELECTOR = YES;
				GCC_WARN_UNINITIALIZED_AUTOS = YES_AGGRESSIVE;
				GCC_WARN_UNUSED_FUNCTION = YES;
				GCC_WARN_UNUSED_VARIABLE = YES;
				MACOSX_DEPLOYMENT_TARGET = 13.1;
				MTL_ENABLE_DEBUG_INFO = NO;
				MTL_FAST_MATH = YES;
				SDKROOT = macosx;
			};
			name = Release;
		};
		9676CA0629A16F14009397B1 /* Debug */ = {
			isa = XCBuildConfiguration;
			buildSettings = {
				CODE_SIGN_IDENTITY = "Apple Development";
				"CODE_SIGN_IDENTITY[sdk=macosx*]" = "-";
				CODE_SIGN_STYLE = Automatic;
				DEAD_CODE_STRIPPING = YES;
				DEVELOPMENT_TEAM = ZSFM3BPRFF;
				PRODUCT_NAME = "$(TARGET_NAME)";
				PROVISIONING_PROFILE_SPECIFIER = "";
			};
			name = Debug;
		};
		9676CA0729A16F14009397B1 /* Release */ = {
			isa = XCBuildConfiguration;
			buildSettings = {
				CODE_SIGN_IDENTITY = "Apple Development";
				"CODE_SIGN_IDENTITY[sdk=macosx*]" = "-";
				CODE_SIGN_STYLE = Automatic;
				DEAD_CODE_STRIPPING = YES;
				DEVELOPMENT_TEAM = ZSFM3BPRFF;
				PRODUCT_NAME = "$(TARGET_NAME)";
				PROVISIONING_PROFILE_SPECIFIER = "";
			};
			name = Release;
		};
		96FF54092B70549200DBBB5C /* Debug */ = {
			isa = XCBuildConfiguration;
			buildSettings = {
				ASSETCATALOG_COMPILER_GENERATE_SWIFT_ASSET_SYMBOL_EXTENSIONS = YES;
				"CODE_SIGN_IDENTITY[sdk=macosx*]" = "-";
				CODE_SIGN_STYLE = Automatic;
				DEVELOPMENT_TEAM = ZSFM3BPRFF;
				ENABLE_USER_SCRIPT_SANDBOXING = NO;
				GCC_C_LANGUAGE_STANDARD = gnu17;
				LOCALIZATION_PREFERS_STRING_CATALOGS = YES;
				MACOSX_DEPLOYMENT_TARGET = 14.2;
				PRODUCT_NAME = "$(TARGET_NAME)";
			};
			name = Debug;
		};
		96FF540A2B70549200DBBB5C /* Release */ = {
			isa = XCBuildConfiguration;
			buildSettings = {
				ASSETCATALOG_COMPILER_GENERATE_SWIFT_ASSET_SYMBOL_EXTENSIONS = YES;
				"CODE_SIGN_IDENTITY[sdk=macosx*]" = "-";
				CODE_SIGN_STYLE = Automatic;
				DEVELOPMENT_TEAM = ZSFM3BPRFF;
				ENABLE_USER_SCRIPT_SANDBOXING = NO;
				GCC_C_LANGUAGE_STANDARD = gnu17;
				LOCALIZATION_PREFERS_STRING_CATALOGS = YES;
				MACOSX_DEPLOYMENT_TARGET = 14.2;
				PRODUCT_NAME = "$(TARGET_NAME)";
			};
			name = Release;
		};
/* End XCBuildConfiguration section */

/* Begin XCConfigurationList section */
		9676C9F929A16F14009397B1 /* Build configuration list for PBXProject "parser" */ = {
			isa = XCConfigurationList;
			buildConfigurations = (
				9676CA0329A16F14009397B1 /* Debug */,
				9676CA0429A16F14009397B1 /* Release */,
			);
			defaultConfigurationIsVisible = 0;
			defaultConfigurationName = Release;
		};
		9676CA0529A16F14009397B1 /* Build configuration list for PBXNativeTarget "parser" */ = {
			isa = XCConfigurationList;
			buildConfigurations = (
				9676CA0629A16F14009397B1 /* Debug */,
				9676CA0729A16F14009397B1 /* Release */,
			);
			defaultConfigurationIsVisible = 0;
			defaultConfigurationName = Release;
		};
		96FF540B2B70549200DBBB5C /* Build configuration list for PBXNativeTarget "xml" */ = {
			isa = XCConfigurationList;
			buildConfigurations = (
				96FF54092B70549200DBBB5C /* Debug */,
				96FF540A2B70549200DBBB5C /* Release */,
			);
			defaultConfigurationIsVisible = 0;
			defaultConfigurationName = Release;
		};
/* End XCConfigurationList section */
	};
	rootObject = 9676C9F629A16F14009397B1 /* Project object */;
}
