<?xml version="1.0" encoding="utf-8"?>
<Project ToolsVersion="4.0" xmlns="http://schemas.microsoft.com/developer/msbuild/2003">
  <ItemGroup>
    <Filter Include="Header Files">
      <UniqueIdentifier>{93995380-89BD-4b04-88EB-625FBE52EBFB}</UniqueIdentifier>
      <Extensions>h;hh;hpp;hxx;h++;hm;inl;inc;ipp;xsd</Extensions>
    </Filter>
    <Filter Include="lexer">
      <UniqueIdentifier>{3336eef6-7c06-45ac-836e-bfd8e0c4e966}</UniqueIdentifier>
    </Filter>
    <Filter Include="test">
      <UniqueIdentifier>{c90a9bb1-7977-4f99-a25c-c6cb4cd02006}</UniqueIdentifier>
    </Filter>
  </ItemGroup>
  <ItemGroup>
    <ClCompile Include="lexer\finite.cpp">
      <Filter>lexer</Filter>
    </ClCompile>
    <ClCompile Include="lexer\lexer.cpp">
      <Filter>lexer</Filter>
    </ClCompile>
    <ClCompile Include="lexer\literal.cpp">
      <Filter>lexer</Filter>
    </ClCompile>
    <ClCompile Include="lexer\node.cpp">
      <Filter>lexer</Filter>
    </ClCompile>
    <ClCompile Include="lexer\regex.cpp">
      <Filter>lexer</Filter>
    </ClCompile>
    <ClCompile Include="test\test.cpp">
      <Filter>test</Filter>
    </ClCompile>
  </ItemGroup>
  <ItemGroup>
    <ClInclude Include="lexer\finite.hpp">
      <Filter>lexer</Filter>
    </ClInclude>
    <ClInclude Include="lexer\lexer.hpp">
      <Filter>lexer</Filter>
    </ClInclude>
    <ClInclude Include="lexer\literal.hpp">
      <Filter>lexer</Filter>
    </ClInclude>
    <ClInclude Include="lexer\node.hpp">
      <Filter>lexer</Filter>
    </ClInclude>
    <ClInclude Include="lexer\regex.hpp">
      <Filter>lexer</Filter>
    </ClInclude>
  </ItemGroup>
  <ItemGroup>
    <None Include=".gitignore" />
    <None Include="test\test.bnf">
      <Filter>test</Filter>
    </None>
  </ItemGroup>
</Project>