<?xml version="1.0" encoding="utf-8"?>
<Project ToolsVersion="4.0" xmlns="http://schemas.microsoft.com/developer/msbuild/2003">
  <ItemGroup>
    <Filter Include="lexer">
      <UniqueIdentifier>{3336eef6-7c06-45ac-836e-bfd8e0c4e966}</UniqueIdentifier>
    </Filter>
    <Filter Include="parser">
      <UniqueIdentifier>{a035a924-3f5c-4f37-b353-2e06177e37ab}</UniqueIdentifier>
    </Filter>
  </ItemGroup>
  <ItemGroup>
    <ClCompile Include="lexer\finite.cpp">
      <Filter>lexer</Filter>
    </ClCompile>
    <ClCompile Include="lexer\lexer.cpp">
      <Filter>lexer</Filter>
    </ClCompile>
    <ClCompile Include="lexer\literal.cpp">
      <Filter>lexer</Filter>
    </ClCompile>
    <ClCompile Include="lexer\node.cpp">
      <Filter>lexer</Filter>
    </ClCompile>
    <ClCompile Include="lexer\regex.cpp">
      <Filter>lexer</Filter>
    </ClCompile>
    <ClCompile Include="src\code.cpp">
      <Filter>parser</Filter>
    </ClCompile>
    <ClCompile Include="src\display.cpp">
      <Filter>parser</Filter>
    </ClCompile>
    <ClCompile Include="src\grammar.cpp">
      <Filter>parser</Filter>
    </ClCompile>
    <ClCompile Include="src\options.cpp">
      <Filter>parser</Filter>
    </ClCompile>
    <ClCompile Include="src\solver.cpp">
      <Filter>parser</Filter>
    </ClCompile>
    <ClCompile Include="src\state.cpp">
      <Filter>parser</Filter>
    </ClCompile>
    <ClCompile Include="src\symbols.cpp">
      <Filter>parser</Filter>
    </ClCompile>
    <ClCompile Include="main.cpp" />
  </ItemGroup>
  <ItemGroup>
    <ClInclude Include="lexer\finite.hpp">
      <Filter>lexer</Filter>
    </ClInclude>
    <ClInclude Include="lexer\lexer.hpp">
      <Filter>lexer</Filter>
    </ClInclude>
    <ClInclude Include="lexer\literal.hpp">
      <Filter>lexer</Filter>
    </ClInclude>
    <ClInclude Include="lexer\node.hpp">
      <Filter>lexer</Filter>
    </ClInclude>
    <ClInclude Include="lexer\regex.hpp">
      <Filter>lexer</Filter>
    </ClInclude>
    <ClInclude Include="src\code.hpp">
      <Filter>parser</Filter>
    </ClInclude>
    <ClInclude Include="src\display.hpp">
      <Filter>parser</Filter>
    </ClInclude>
    <ClInclude Include="src\grammar.hpp">
      <Filter>parser</Filter>
    </ClInclude>
    <ClInclude Include="src\options.hpp">
      <Filter>parser</Filter>
    </ClInclude>
    <ClInclude Include="src\solver.hpp">
      <Filter>parser</Filter>
    </ClInclude>
    <ClInclude Include="src\state.hpp">
      <Filter>parser</Filter>
    </ClInclude>
    <ClInclude Include="src\symbols.hpp">
      <Filter>parser</Filter>
    </ClInclude>
  </ItemGroup>
  <ItemGroup>
    <None Include=".gitignore" />
  </ItemGroup>
</Project>